
Microsoft Visual Studio Solution File, Format Version 12.00
# Visual Studio Version 16
VisualStudioVersion = 16.0.29806.167
MinimumVisualStudioVersion = 10.0.40219.1
Project("{FAE04EC0-301F-11D3-BF4B-00C04F79EFBC}") = "CV.Management.Web", "CV.Management.Web\CV.Management.Web.csproj", "{1D9F22DB-90F1-4BC6-811B-FA06BE5ED64F}"
EndProject
Project("{FAE04EC0-301F-11D3-BF4B-00C04F79EFBC}") = "CV.Management.Generation.Word", "CV.Management.Generation.Word\CV.Management.Generation.Word.csproj", "{45BC72CD-8B31-4C78-A8DB-6DF458C9E266}"
EndProject
Project("{FAE04EC0-301F-11D3-BF4B-00C04F79EFBC}") = "CV.Management.Generation.Word.Tests", "CV.Management.Generation.Word.Tests\CV.Management.Generation.Word.Tests.csproj", "{A224C9A5-CF6D-4182-9A54-E2DADB442735}"
EndProject
Project("{FAE04EC0-301F-11D3-BF4B-00C04F79EFBC}") = "CV.Management.Generation.Ppt", "CV.Management.Generation.Ppt\CV.Management.Generation.Ppt.csproj", "{9AB7A74A-EA8F-4D64-BE23-7624905C92B9}"
EndProject
Project("{FAE04EC0-301F-11D3-BF4B-00C04F79EFBC}") = "CV.Management.Generation.Ppt.Tests", "CV.Management.Generation.Ppt.Tests\CV.Management.Generation.Ppt.Tests.csproj", "{56BD4C54-8B8C-4DEE-BB76-6A5539486BE8}"
EndProject
Project("{FAE04EC0-301F-11D3-BF4B-00C04F79EFBC}") = "CV.Management.Web.Tests2", "CV.Management.Web.Tests2\CV.Management.Web.Tests2.csproj", "{332C8568-263F-41FE-9875-8B79A7CEBCD9}"
EndProject
Global
	GlobalSection(SolutionConfigurationPlatforms) = preSolution
		Debug|Any CPU = Debug|Any CPU
		Production|Any CPU = Production|Any CPU
		Release|Any CPU = Release|Any CPU
	EndGlobalSection
	GlobalSection(ProjectConfigurationPlatforms) = postSolution
		{1D9F22DB-90F1-4BC6-811B-FA06BE5ED64F}.Debug|Any CPU.ActiveCfg = Debug|Any CPU
		{1D9F22DB-90F1-4BC6-811B-FA06BE5ED64F}.Debug|Any CPU.Build.0 = Debug|Any CPU
		{1D9F22DB-90F1-4BC6-811B-FA06BE5ED64F}.Production|Any CPU.ActiveCfg = Production|Any CPU
		{1D9F22DB-90F1-4BC6-811B-FA06BE5ED64F}.Production|Any CPU.Build.0 = Production|Any CPU
		{1D9F22DB-90F1-4BC6-811B-FA06BE5ED64F}.Release|Any CPU.ActiveCfg = Release|Any CPU
		{1D9F22DB-90F1-4BC6-811B-FA06BE5ED64F}.Release|Any CPU.Build.0 = Release|Any CPU
		{45BC72CD-8B31-4C78-A8DB-6DF458C9E266}.Debug|Any CPU.ActiveCfg = Debug|Any CPU
		{45BC72CD-8B31-4C78-A8DB-6DF458C9E266}.Debug|Any CPU.Build.0 = Debug|Any CPU
		{45BC72CD-8B31-4C78-A8DB-6DF458C9E266}.Production|Any CPU.ActiveCfg = Production|Any CPU
		{45BC72CD-8B31-4C78-A8DB-6DF458C9E266}.Production|Any CPU.Build.0 = Production|Any CPU
		{45BC72CD-8B31-4C78-A8DB-6DF458C9E266}.Release|Any CPU.ActiveCfg = Release|Any CPU
		{45BC72CD-8B31-4C78-A8DB-6DF458C9E266}.Release|Any CPU.Build.0 = Release|Any CPU
		{A224C9A5-CF6D-4182-9A54-E2DADB442735}.Debug|Any CPU.ActiveCfg = Debug|Any CPU
		{A224C9A5-CF6D-4182-9A54-E2DADB442735}.Debug|Any CPU.Build.0 = Debug|Any CPU
		{A224C9A5-CF6D-4182-9A54-E2DADB442735}.Production|Any CPU.ActiveCfg = Production|Any CPU
		{A224C9A5-CF6D-4182-9A54-E2DADB442735}.Production|Any CPU.Build.0 = Production|Any CPU
		{A224C9A5-CF6D-4182-9A54-E2DADB442735}.Release|Any CPU.ActiveCfg = Release|Any CPU
		{A224C9A5-CF6D-4182-9A54-E2DADB442735}.Release|Any CPU.Build.0 = Release|Any CPU
		{9AB7A74A-EA8F-4D64-BE23-7624905C92B9}.Debug|Any CPU.ActiveCfg = Debug|Any CPU
		{9AB7A74A-EA8F-4D64-BE23-7624905C92B9}.Debug|Any CPU.Build.0 = Debug|Any CPU
		{9AB7A74A-EA8F-4D64-BE23-7624905C92B9}.Production|Any CPU.ActiveCfg = Production|Any CPU
		{9AB7A74A-EA8F-4D64-BE23-7624905C92B9}.Production|Any CPU.Build.0 = Production|Any CPU
		{9AB7A74A-EA8F-4D64-BE23-7624905C92B9}.Release|Any CPU.ActiveCfg = Release|Any CPU
		{9AB7A74A-EA8F-4D64-BE23-7624905C92B9}.Release|Any CPU.Build.0 = Release|Any CPU
		{56BD4C54-8B8C-4DEE-BB76-6A5539486BE8}.Debug|Any CPU.ActiveCfg = Debug|Any CPU
		{56BD4C54-8B8C-4DEE-BB76-6A5539486BE8}.Debug|Any CPU.Build.0 = Debug|Any CPU
		{56BD4C54-8B8C-4DEE-BB76-6A5539486BE8}.Production|Any CPU.ActiveCfg = Production|Any CPU
		{56BD4C54-8B8C-4DEE-BB76-6A5539486BE8}.Production|Any CPU.Build.0 = Production|Any CPU
		{56BD4C54-8B8C-4DEE-BB76-6A5539486BE8}.Release|Any CPU.ActiveCfg = Release|Any CPU
		{56BD4C54-8B8C-4DEE-BB76-6A5539486BE8}.Release|Any CPU.Build.0 = Release|Any CPU
		{332C8568-263F-41FE-9875-8B79A7CEBCD9}.Debug|Any CPU.ActiveCfg = Debug|Any CPU
		{332C8568-263F-41FE-9875-8B79A7CEBCD9}.Debug|Any CPU.Build.0 = Debug|Any CPU
		{332C8568-263F-41FE-9875-8B79A7CEBCD9}.Production|Any CPU.ActiveCfg = Release|Any CPU
		{332C8568-263F-41FE-9875-8B79A7CEBCD9}.Production|Any CPU.Build.0 = Release|Any CPU
		{332C8568-263F-41FE-9875-8B79A7CEBCD9}.Release|Any CPU.ActiveCfg = Release|Any CPU
		{332C8568-263F-41FE-9875-8B79A7CEBCD9}.Release|Any CPU.Build.0 = Release|Any CPU
	EndGlobalSection
	GlobalSection(SolutionProperties) = preSolution
		HideSolutionNode = FALSE
	EndGlobalSection
	GlobalSection(ExtensibilityGlobals) = postSolution
		SolutionGuid = {FC3DBF77-BAE0-4536-ACD9-3F17B0EF306F}
	EndGlobalSection
EndGlobal
